// !$*UTF8*$!
{
	archiveVersion = 1;
	classes = {
	};
	objectVersion = 55;
	objects = {

/* Begin PBXBuildFile section */
		CE109C612727D458005F3652 /* ImageResizer.swift in Sources */ = {isa = PBXBuildFile; fileRef = CE109C602727D458005F3652 /* ImageResizer.swift */; };
		CE4C1345272A3264004F75D7 /* SettingView.swift in Sources */ = {isa = PBXBuildFile; fileRef = CE4C1344272A3264004F75D7 /* SettingView.swift */; };
		CE4C1347272A3717004F75D7 /* IconList.swift in Sources */ = {isa = PBXBuildFile; fileRef = CE4C1346272A3717004F75D7 /* IconList.swift */; };
		CE4C976027269F9300A48EBD /* DualDepthApp.swift in Sources */ = {isa = PBXBuildFile; fileRef = CE4C975F27269F9300A48EBD /* DualDepthApp.swift */; };
		CE4C976227269F9300A48EBD /* ContentView.swift in Sources */ = {isa = PBXBuildFile; fileRef = CE4C976127269F9300A48EBD /* ContentView.swift */; };
		CE4C976427269F9300A48EBD /* Assets.xcassets in Resources */ = {isa = PBXBuildFile; fileRef = CE4C976327269F9300A48EBD /* Assets.xcassets */; };
		CE4C976727269F9300A48EBD /* Preview Assets.xcassets in Resources */ = {isa = PBXBuildFile; fileRef = CE4C976627269F9300A48EBD /* Preview Assets.xcassets */; };
		CE8A703B2727D24C00FF09E5 /* CameraPreview.swift in Sources */ = {isa = PBXBuildFile; fileRef = CE8A703A2727D24C00FF09E5 /* CameraPreview.swift */; };
		CE8A703D2727D27A00FF09E5 /* CameraView.swift in Sources */ = {isa = PBXBuildFile; fileRef = CE8A703C2727D27A00FF09E5 /* CameraView.swift */; };
		CE8A703F2727D2AF00FF09E5 /* CameraService.swift in Sources */ = {isa = PBXBuildFile; fileRef = CE8A703E2727D2AF00FF09E5 /* CameraService.swift */; };
		CE8A70412727D2C700FF09E5 /* CameraModel.swift in Sources */ = {isa = PBXBuildFile; fileRef = CE8A70402727D2C700FF09E5 /* CameraModel.swift */; };
		CE8A70432727D2F500FF09E5 /* CameraService+Enums.swift in Sources */ = {isa = PBXBuildFile; fileRef = CE8A70422727D2F500FF09E5 /* CameraService+Enums.swift */; };
		CE8A70452727D31A00FF09E5 /* CameraService+Extensions.swift in Sources */ = {isa = PBXBuildFile; fileRef = CE8A70442727D31A00FF09E5 /* CameraService+Extensions.swift */; };
		CE8A70472727D33700FF09E5 /* PhotoCaptureProcessor.swift in Sources */ = {isa = PBXBuildFile; fileRef = CE8A70462727D33700FF09E5 /* PhotoCaptureProcessor.swift */; };
		CE8A70492727D35100FF09E5 /* CVPixelBuffer+Extensions.swift in Sources */ = {isa = PBXBuildFile; fileRef = CE8A70482727D35100FF09E5 /* CVPixelBuffer+Extensions.swift */; };
		CEEA9DC32728EAF600A1B591 /* AVDepthData+Extensions.swift in Sources */ = {isa = PBXBuildFile; fileRef = CEEA9DC22728EAF600A1B591 /* AVDepthData+Extensions.swift */; };
/* End PBXBuildFile section */

/* Begin PBXFileReference section */
		CE109C602727D458005F3652 /* ImageResizer.swift */ = {isa = PBXFileReference; lastKnownFileType = sourcecode.swift; path = ImageResizer.swift; sourceTree = "<group>"; };
		CE4C1344272A3264004F75D7 /* SettingView.swift */ = {isa = PBXFileReference; lastKnownFileType = sourcecode.swift; path = SettingView.swift; sourceTree = "<group>"; };
		CE4C1346272A3717004F75D7 /* IconList.swift */ = {isa = PBXFileReference; lastKnownFileType = sourcecode.swift; path = IconList.swift; sourceTree = "<group>"; };
		CE4C975C27269F9300A48EBD /* DualDepth.app */ = {isa = PBXFileReference; explicitFileType = wrapper.application; includeInIndex = 0; path = DualDepth.app; sourceTree = BUILT_PRODUCTS_DIR; };
		CE4C975F27269F9300A48EBD /* DualDepthApp.swift */ = {isa = PBXFileReference; lastKnownFileType = sourcecode.swift; path = DualDepthApp.swift; sourceTree = "<group>"; };
		CE4C976127269F9300A48EBD /* ContentView.swift */ = {isa = PBXFileReference; lastKnownFileType = sourcecode.swift; path = ContentView.swift; sourceTree = "<group>"; };
		CE4C976327269F9300A48EBD /* Assets.xcassets */ = {isa = PBXFileReference; lastKnownFileType = folder.assetcatalog; path = Assets.xcassets; sourceTree = "<group>"; };
		CE4C976627269F9300A48EBD /* Preview Assets.xcassets */ = {isa = PBXFileReference; lastKnownFileType = folder.assetcatalog; path = "Preview Assets.xcassets"; sourceTree = "<group>"; };
		CE4C976F2726A03B00A48EBD /* Info.plist */ = {isa = PBXFileReference; lastKnownFileType = text.plist; path = Info.plist; sourceTree = "<group>"; };
		CE8A703A2727D24C00FF09E5 /* CameraPreview.swift */ = {isa = PBXFileReference; lastKnownFileType = sourcecode.swift; path = CameraPreview.swift; sourceTree = "<group>"; };
		CE8A703C2727D27A00FF09E5 /* CameraView.swift */ = {isa = PBXFileReference; lastKnownFileType = sourcecode.swift; path = CameraView.swift; sourceTree = "<group>"; };
		CE8A703E2727D2AF00FF09E5 /* CameraService.swift */ = {isa = PBXFileReference; lastKnownFileType = sourcecode.swift; path = CameraService.swift; sourceTree = "<group>"; };
		CE8A70402727D2C700FF09E5 /* CameraModel.swift */ = {isa = PBXFileReference; lastKnownFileType = sourcecode.swift; path = CameraModel.swift; sourceTree = "<group>"; };
		CE8A70422727D2F500FF09E5 /* CameraService+Enums.swift */ = {isa = PBXFileReference; lastKnownFileType = sourcecode.swift; path = "CameraService+Enums.swift"; sourceTree = "<group>"; };
		CE8A70442727D31A00FF09E5 /* CameraService+Extensions.swift */ = {isa = PBXFileReference; lastKnownFileType = sourcecode.swift; path = "CameraService+Extensions.swift"; sourceTree = "<group>"; };
		CE8A70462727D33700FF09E5 /* PhotoCaptureProcessor.swift */ = {isa = PBXFileReference; lastKnownFileType = sourcecode.swift; path = PhotoCaptureProcessor.swift; sourceTree = "<group>"; };
		CE8A70482727D35100FF09E5 /* CVPixelBuffer+Extensions.swift */ = {isa = PBXFileReference; lastKnownFileType = sourcecode.swift; path = "CVPixelBuffer+Extensions.swift"; sourceTree = "<group>"; };
		CEB183AE2727E73A00E3082A /* README.md */ = {isa = PBXFileReference; lastKnownFileType = net.daringfireball.markdown; path = README.md; sourceTree = "<group>"; };
		CEB183B02727E9EA00E3082A /* IMG_2634.jpeg */ = {isa = PBXFileReference; lastKnownFileType = image.jpeg; path = IMG_2634.jpeg; sourceTree = "<group>"; };
		CEB183B12727E9EA00E3082A /* IMG_2635.JPG */ = {isa = PBXFileReference; lastKnownFileType = image.jpeg; path = IMG_2635.JPG; sourceTree = "<group>"; };
		CEB183B22727EB3900E3082A /* dualdepth.png */ = {isa = PBXFileReference; lastKnownFileType = image.png; path = dualdepth.png; sourceTree = "<group>"; };
		CEEA9DC22728EAF600A1B591 /* AVDepthData+Extensions.swift */ = {isa = PBXFileReference; lastKnownFileType = sourcecode.swift; path = "AVDepthData+Extensions.swift"; sourceTree = "<group>"; };
/* End PBXFileReference section */

/* Begin PBXFrameworksBuildPhase section */
		CE4C975927269F9300A48EBD /* Frameworks */ = {
			isa = PBXFrameworksBuildPhase;
			buildActionMask = 2147483647;
			files = (
			);
			runOnlyForDeploymentPostprocessing = 0;
		};
/* End PBXFrameworksBuildPhase section */

/* Begin PBXGroup section */
		CE4C975327269F9300A48EBD = {
			isa = PBXGroup;
			children = (
				CEB183AF2727E90200E3082A /* materials */,
				CEB183AE2727E73A00E3082A /* README.md */,
				CE4C975E27269F9300A48EBD /* DualDepth */,
				CE4C975D27269F9300A48EBD /* Products */,
			);
			sourceTree = "<group>";
		};
		CE4C975D27269F9300A48EBD /* Products */ = {
			isa = PBXGroup;
			children = (
				CE4C975C27269F9300A48EBD /* DualDepth.app */,
			);
			name = Products;
			sourceTree = "<group>";
		};
		CE4C975E27269F9300A48EBD /* DualDepth */ = {
			isa = PBXGroup;
			children = (
				CE4C976F2726A03B00A48EBD /* Info.plist */,
				CE4C976E27269FB000A48EBD /* View */,
				CE4C976D27269FA100A48EBD /* Model */,
				CE4C975F27269F9300A48EBD /* DualDepthApp.swift */,
				CE4C976327269F9300A48EBD /* Assets.xcassets */,
				CE4C976527269F9300A48EBD /* Preview Content */,
			);
			path = DualDepth;
			sourceTree = "<group>";
		};
		CE4C976527269F9300A48EBD /* Preview Content */ = {
			isa = PBXGroup;
			children = (
				CE4C976627269F9300A48EBD /* Preview Assets.xcassets */,
			);
			path = "Preview Content";
			sourceTree = "<group>";
		};
		CE4C976D27269FA100A48EBD /* Model */ = {
			isa = PBXGroup;
			children = (
				CE8A70402727D2C700FF09E5 /* CameraModel.swift */,
				CE109C602727D458005F3652 /* ImageResizer.swift */,
				CE8A703E2727D2AF00FF09E5 /* CameraService.swift */,
				CE8A70422727D2F500FF09E5 /* CameraService+Enums.swift */,
				CE8A70442727D31A00FF09E5 /* CameraService+Extensions.swift */,
				CE8A70462727D33700FF09E5 /* PhotoCaptureProcessor.swift */,
				CE8A70482727D35100FF09E5 /* CVPixelBuffer+Extensions.swift */,
				CEEA9DC22728EAF600A1B591 /* AVDepthData+Extensions.swift */,
			);
			path = Model;
			sourceTree = "<group>";
		};
		CE4C976E27269FB000A48EBD /* View */ = {
			isa = PBXGroup;
			children = (
				CE4C976127269F9300A48EBD /* ContentView.swift */,
				CE8A703A2727D24C00FF09E5 /* CameraPreview.swift */,
				CE8A703C2727D27A00FF09E5 /* CameraView.swift */,
				CE4C1344272A3264004F75D7 /* SettingView.swift */,
				CE4C1346272A3717004F75D7 /* IconList.swift */,
			);
			path = View;
			sourceTree = "<group>";
		};
		CEB183AF2727E90200E3082A /* materials */ = {
			isa = PBXGroup;
			children = (
				CEB183B22727EB3900E3082A /* dualdepth.png */,
				CEB183B02727E9EA00E3082A /* IMG_2634.jpeg */,
				CEB183B12727E9EA00E3082A /* IMG_2635.JPG */,
			);
			path = materials;
			sourceTree = "<group>";
		};
/* End PBXGroup section */

/* Begin PBXNativeTarget section */
		CE4C975B27269F9300A48EBD /* DualDepth */ = {
			isa = PBXNativeTarget;
			buildConfigurationList = CE4C976A27269F9300A48EBD /* Build configuration list for PBXNativeTarget "DualDepth" */;
			buildPhases = (
				CE4C975827269F9300A48EBD /* Sources */,
				CE4C975927269F9300A48EBD /* Frameworks */,
				CE4C975A27269F9300A48EBD /* Resources */,
			);
			buildRules = (
			);
			dependencies = (
			);
			name = DualDepth;
			productName = DualDepth;
			productReference = CE4C975C27269F9300A48EBD /* DualDepth.app */;
			productType = "com.apple.product-type.application";
		};
/* End PBXNativeTarget section */

/* Begin PBXProject section */
		CE4C975427269F9300A48EBD /* Project object */ = {
			isa = PBXProject;
			attributes = {
				BuildIndependentTargetsInParallel = 1;
				LastSwiftUpdateCheck = 1300;
				LastUpgradeCheck = 1300;
				TargetAttributes = {
					CE4C975B27269F9300A48EBD = {
						CreatedOnToolsVersion = 13.0;
					};
				};
			};
			buildConfigurationList = CE4C975727269F9300A48EBD /* Build configuration list for PBXProject "DualDepth" */;
			compatibilityVersion = "Xcode 13.0";
			developmentRegion = en;
			hasScannedForEncodings = 0;
			knownRegions = (
				en,
				Base,
			);
			mainGroup = CE4C975327269F9300A48EBD;
			productRefGroup = CE4C975D27269F9300A48EBD /* Products */;
			projectDirPath = "";
			projectRoot = "";
			targets = (
				CE4C975B27269F9300A48EBD /* DualDepth */,
			);
		};
/* End PBXProject section */

/* Begin PBXResourcesBuildPhase section */
		CE4C975A27269F9300A48EBD /* Resources */ = {
			isa = PBXResourcesBuildPhase;
			buildActionMask = 2147483647;
			files = (
				CE4C976727269F9300A48EBD /* Preview Assets.xcassets in Resources */,
				CE4C976427269F9300A48EBD /* Assets.xcassets in Resources */,
			);
			runOnlyForDeploymentPostprocessing = 0;
		};
/* End PBXResourcesBuildPhase section */

/* Begin PBXSourcesBuildPhase section */
		CE4C975827269F9300A48EBD /* Sources */ = {
			isa = PBXSourcesBuildPhase;
			buildActionMask = 2147483647;
			files = (
				CE4C1347272A3717004F75D7 /* IconList.swift in Sources */,
				CE8A703F2727D2AF00FF09E5 /* CameraService.swift in Sources */,
				CE8A703B2727D24C00FF09E5 /* CameraPreview.swift in Sources */,
				CE8A70412727D2C700FF09E5 /* CameraModel.swift in Sources */,
				CE4C976227269F9300A48EBD /* ContentView.swift in Sources */,
				CEEA9DC32728EAF600A1B591 /* AVDepthData+Extensions.swift in Sources */,
				CE4C976027269F9300A48EBD /* DualDepthApp.swift in Sources */,
				CE8A70472727D33700FF09E5 /* PhotoCaptureProcessor.swift in Sources */,
				CE8A70432727D2F500FF09E5 /* CameraService+Enums.swift in Sources */,
				CE4C1345272A3264004F75D7 /* SettingView.swift in Sources */,
				CE8A70452727D31A00FF09E5 /* CameraService+Extensions.swift in Sources */,
				CE8A703D2727D27A00FF09E5 /* CameraView.swift in Sources */,
				CE109C612727D458005F3652 /* ImageResizer.swift in Sources */,
				CE8A70492727D35100FF09E5 /* CVPixelBuffer+Extensions.swift in Sources */,
			);
			runOnlyForDeploymentPostprocessing = 0;
		};
/* End PBXSourcesBuildPhase section */

/* Begin XCBuildConfiguration section */
		CE4C976827269F9300A48EBD /* Debug */ = {
			isa = XCBuildConfiguration;
			buildSettings = {
				ALWAYS_SEARCH_USER_PATHS = NO;
				CLANG_ANALYZER_NONNULL = YES;
				CLANG_ANALYZER_NUMBER_OBJECT_CONVERSION = YES_AGGRESSIVE;
				CLANG_CXX_LANGUAGE_STANDARD = "gnu++17";
				CLANG_CXX_LIBRARY = "libc++";
				CLANG_ENABLE_MODULES = YES;
				CLANG_ENABLE_OBJC_ARC = YES;
				CLANG_ENABLE_OBJC_WEAK = YES;
				CLANG_WARN_BLOCK_CAPTURE_AUTORELEASING = YES;
				CLANG_WARN_BOOL_CONVERSION = YES;
				CLANG_WARN_COMMA = YES;
				CLANG_WARN_CONSTANT_CONVERSION = YES;
				CLANG_WARN_DEPRECATED_OBJC_IMPLEMENTATIONS = YES;
				CLANG_WARN_DIRECT_OBJC_ISA_USAGE = YES_ERROR;
				CLANG_WARN_DOCUMENTATION_COMMENTS = YES;
				CLANG_WARN_EMPTY_BODY = YES;
				CLANG_WARN_ENUM_CONVERSION = YES;
				CLANG_WARN_INFINITE_RECURSION = YES;
				CLANG_WARN_INT_CONVERSION = YES;
				CLANG_WARN_NON_LITERAL_NULL_CONVERSION = YES;
				CLANG_WARN_OBJC_IMPLICIT_RETAIN_SELF = YES;
				CLANG_WARN_OBJC_LITERAL_CONVERSION = YES;
				CLANG_WARN_OBJC_ROOT_CLASS = YES_ERROR;
				CLANG_WARN_QUOTED_INCLUDE_IN_FRAMEWORK_HEADER = YES;
				CLANG_WARN_RANGE_LOOP_ANALYSIS = YES;
				CLANG_WARN_STRICT_PROTOTYPES = YES;
				CLANG_WARN_SUSPICIOUS_MOVE = YES;
				CLANG_WARN_UNGUARDED_AVAILABILITY = YES_AGGRESSIVE;
				CLANG_WARN_UNREACHABLE_CODE = YES;
				CLANG_WARN__DUPLICATE_METHOD_MATCH = YES;
				COPY_PHASE_STRIP = NO;
				DEBUG_INFORMATION_FORMAT = dwarf;
				ENABLE_STRICT_OBJC_MSGSEND = YES;
				ENABLE_TESTABILITY = YES;
				GCC_C_LANGUAGE_STANDARD = gnu11;
				GCC_DYNAMIC_NO_PIC = NO;
				GCC_NO_COMMON_BLOCKS = YES;
				GCC_OPTIMIZATION_LEVEL = 0;
				GCC_PREPROCESSOR_DEFINITIONS = (
					"DEBUG=1",
					"$(inherited)",
				);
				GCC_WARN_64_TO_32_BIT_CONVERSION = YES;
				GCC_WARN_ABOUT_RETURN_TYPE = YES_ERROR;
				GCC_WARN_UNDECLARED_SELECTOR = YES;
				GCC_WARN_UNINITIALIZED_AUTOS = YES_AGGRESSIVE;
				GCC_WARN_UNUSED_FUNCTION = YES;
				GCC_WARN_UNUSED_VARIABLE = YES;
				IPHONEOS_DEPLOYMENT_TARGET = 15.0;
				MTL_ENABLE_DEBUG_INFO = INCLUDE_SOURCE;
				MTL_FAST_MATH = YES;
				ONLY_ACTIVE_ARCH = YES;
				SDKROOT = iphoneos;
				SWIFT_ACTIVE_COMPILATION_CONDITIONS = DEBUG;
				SWIFT_OPTIMIZATION_LEVEL = "-Onone";
			};
			name = Debug;
		};
		CE4C976927269F9300A48EBD /* Release */ = {
			isa = XCBuildConfiguration;
			buildSettings = {
				ALWAYS_SEARCH_USER_PATHS = NO;
				CLANG_ANALYZER_NONNULL = YES;
				CLANG_ANALYZER_NUMBER_OBJECT_CONVERSION = YES_AGGRESSIVE;
				CLANG_CXX_LANGUAGE_STANDARD = "gnu++17";
				CLANG_CXX_LIBRARY = "libc++";
				CLANG_ENABLE_MODULES = YES;
				CLANG_ENABLE_OBJC_ARC = YES;
				CLANG_ENABLE_OBJC_WEAK = YES;
				CLANG_WARN_BLOCK_CAPTURE_AUTORELEASING = YES;
				CLANG_WARN_BOOL_CONVERSION = YES;
				CLANG_WARN_COMMA = YES;
				CLANG_WARN_CONSTANT_CONVERSION = YES;
				CLANG_WARN_DEPRECATED_OBJC_IMPLEMENTATIONS = YES;
				CLANG_WARN_DIRECT_OBJC_ISA_USAGE = YES_ERROR;
				CLANG_WARN_DOCUMENTATION_COMMENTS = YES;
				CLANG_WARN_EMPTY_BODY = YES;
				CLANG_WARN_ENUM_CONVERSION = YES;
				CLANG_WARN_INFINITE_RECURSION = YES;
				CLANG_WARN_INT_CONVERSION = YES;
				CLANG_WARN_NON_LITERAL_NULL_CONVERSION = YES;
				CLANG_WARN_OBJC_IMPLICIT_RETAIN_SELF = YES;
				CLANG_WARN_OBJC_LITERAL_CONVERSION = YES;
				CLANG_WARN_OBJC_ROOT_CLASS = YES_ERROR;
				CLANG_WARN_QUOTED_INCLUDE_IN_FRAMEWORK_HEADER = YES;
				CLANG_WARN_RANGE_LOOP_ANALYSIS = YES;
				CLANG_WARN_STRICT_PROTOTYPES = YES;
				CLANG_WARN_SUSPICIOUS_MOVE = YES;
				CLANG_WARN_UNGUARDED_AVAILABILITY = YES_AGGRESSIVE;
				CLANG_WARN_UNREACHABLE_CODE = YES;
				CLANG_WARN__DUPLICATE_METHOD_MATCH = YES;
				COPY_PHASE_STRIP = NO;
				DEBUG_INFORMATION_FORMAT = "dwarf-with-dsym";
				ENABLE_NS_ASSERTIONS = NO;
				ENABLE_STRICT_OBJC_MSGSEND = YES;
				GCC_C_LANGUAGE_STANDARD = gnu11;
				GCC_NO_COMMON_BLOCKS = YES;
				GCC_WARN_64_TO_32_BIT_CONVERSION = YES;
				GCC_WARN_ABOUT_RETURN_TYPE = YES_ERROR;
				GCC_WARN_UNDECLARED_SELECTOR = YES;
				GCC_WARN_UNINITIALIZED_AUTOS = YES_AGGRESSIVE;
				GCC_WARN_UNUSED_FUNCTION = YES;
				GCC_WARN_UNUSED_VARIABLE = YES;
				IPHONEOS_DEPLOYMENT_TARGET = 15.0;
				MTL_ENABLE_DEBUG_INFO = NO;
				MTL_FAST_MATH = YES;
				SDKROOT = iphoneos;
				SWIFT_COMPILATION_MODE = wholemodule;
				SWIFT_OPTIMIZATION_LEVEL = "-O";
				VALIDATE_PRODUCT = YES;
			};
			name = Release;
		};
		CE4C976B27269F9300A48EBD /* Debug */ = {
			isa = XCBuildConfiguration;
			buildSettings = {
				ASSETCATALOG_COMPILER_ALTERNATE_APPICON_NAMES = "DualTelescopeAppIcon TripleWithLiDARAppIcon TripleAppIcon DualWideCrossAppIcon DualTelescopeHorizontalAppIcon";
				ASSETCATALOG_COMPILER_APPICON_NAME = AppIcon;
				ASSETCATALOG_COMPILER_GLOBAL_ACCENT_COLOR_NAME = AccentColor;
				CODE_SIGN_STYLE = Automatic;
				CURRENT_PROJECT_VERSION = 1;
				DEVELOPMENT_ASSET_PATHS = "\"DualDepth/Preview Content\"";
				DEVELOPMENT_TEAM = WHBF4Z49B6;
				ENABLE_PREVIEWS = YES;
				GENERATE_INFOPLIST_FILE = YES;
				INFOPLIST_FILE = DualDepth/Info.plist;
				INFOPLIST_KEY_LSApplicationCategoryType = "public.app-category.utilities";
				INFOPLIST_KEY_LSSupportsOpeningDocumentsInPlace = YES;
				INFOPLIST_KEY_NSCameraUsageDescription = "DualDepth needs access to your camera to capture photo and video";
				INFOPLIST_KEY_NSPhotoLibraryUsageDescription = "DualDepth captures photos and saves them into your photo library";
				INFOPLIST_KEY_UIApplicationSceneManifest_Generation = YES;
				INFOPLIST_KEY_UIApplicationSupportsIndirectInputEvents = YES;
				INFOPLIST_KEY_UILaunchScreen_Generation = YES;
				INFOPLIST_KEY_UISupportedInterfaceOrientations = UIInterfaceOrientationPortrait;
				INFOPLIST_KEY_UISupportedInterfaceOrientations_iPad = "UIInterfaceOrientationPortrait UIInterfaceOrientationPortraitUpsideDown UIInterfaceOrientationLandscapeLeft UIInterfaceOrientationLandscapeRight";
				INFOPLIST_KEY_UISupportedInterfaceOrientations_iPhone = "UIInterfaceOrientationPortrait UIInterfaceOrientationLandscapeLeft UIInterfaceOrientationLandscapeRight";
				IPHONEOS_DEPLOYMENT_TARGET = 15.4;
				LD_RUNPATH_SEARCH_PATHS = (
					"$(inherited)",
					"@executable_path/Frameworks",
				);
				MARKETING_VERSION = 2.0.0;
				PRODUCT_BUNDLE_IDENTIFIER = com.shakshi.DualDepth;
				PRODUCT_NAME = "$(TARGET_NAME)";
				SWIFT_EMIT_LOC_STRINGS = YES;
				SWIFT_VERSION = 5.0;
				TARGETED_DEVICE_FAMILY = "1,2";
			};
			name = Debug;
		};
		CE4C976C27269F9300A48EBD /* Release */ = {
			isa = XCBuildConfiguration;
			buildSettings = {
				ASSETCATALOG_COMPILER_ALTERNATE_APPICON_NAMES = "DualTelescopeAppIcon TripleWithLiDARAppIcon TripleAppIcon DualWideCrossAppIcon DualTelescopeHorizontalAppIcon";
				ASSETCATALOG_COMPILER_APPICON_NAME = AppIcon;
				ASSETCATALOG_COMPILER_GLOBAL_ACCENT_COLOR_NAME = AccentColor;
				CODE_SIGN_STYLE = Automatic;
				CURRENT_PROJECT_VERSION = 1;
				DEVELOPMENT_ASSET_PATHS = "\"DualDepth/Preview Content\"";
				DEVELOPMENT_TEAM = WHBF4Z49B6;
				ENABLE_PREVIEWS = YES;
				GENERATE_INFOPLIST_FILE = YES;
				INFOPLIST_FILE = DualDepth/Info.plist;
				INFOPLIST_KEY_LSApplicationCategoryType = "public.app-category.utilities";
				INFOPLIST_KEY_LSSupportsOpeningDocumentsInPlace = YES;
				INFOPLIST_KEY_NSCameraUsageDescription = "DualDepth needs access to your camera to capture photo and video";
				INFOPLIST_KEY_NSPhotoLibraryUsageDescription = "DualDepth captures photos and saves them into your photo library";
				INFOPLIST_KEY_UIApplicationSceneManifest_Generation = YES;
				INFOPLIST_KEY_UIApplicationSupportsIndirectInputEvents = YES;
				INFOPLIST_KEY_UILaunchScreen_Generation = YES;
				INFOPLIST_KEY_UISupportedInterfaceOrientations = UIInterfaceOrientationPortrait;
				INFOPLIST_KEY_UISupportedInterfaceOrientations_iPad = "UIInterfaceOrientationPortrait UIInterfaceOrientationPortraitUpsideDown UIInterfaceOrientationLandscapeLeft UIInterfaceOrientationLandscapeRight";
				INFOPLIST_KEY_UISupportedInterfaceOrientations_iPhone = "UIInterfaceOrientationPortrait UIInterfaceOrientationLandscapeLeft UIInterfaceOrientationLandscapeRight";
				IPHONEOS_DEPLOYMENT_TARGET = 15.4;
				LD_RUNPATH_SEARCH_PATHS = (
					"$(inherited)",
					"@executable_path/Frameworks",
				);
				MARKETING_VERSION = 2.0.0;
				PRODUCT_BUNDLE_IDENTIFIER = com.shakshi.DualDepth;
				PRODUCT_NAME = "$(TARGET_NAME)";
				SWIFT_EMIT_LOC_STRINGS = YES;
				SWIFT_VERSION = 5.0;
				TARGETED_DEVICE_FAMILY = "1,2";
			};
			name = Release;
		};
/* End XCBuildConfiguration section */

/* Begin XCConfigurationList section */
		CE4C975727269F9300A48EBD /* Build configuration list for PBXProject "DualDepth" */ = {
			isa = XCConfigurationList;
			buildConfigurations = (
				CE4C976827269F9300A48EBD /* Debug */,
				CE4C976927269F9300A48EBD /* Release */,
			);
			defaultConfigurationIsVisible = 0;
			defaultConfigurationName = Release;
		};
		CE4C976A27269F9300A48EBD /* Build configuration list for PBXNativeTarget "DualDepth" */ = {
			isa = XCConfigurationList;
			buildConfigurations = (
				CE4C976B27269F9300A48EBD /* Debug */,
				CE4C976C27269F9300A48EBD /* Release */,
			);
			defaultConfigurationIsVisible = 0;
			defaultConfigurationName = Release;
		};
/* End XCConfigurationList section */
	};
	rootObject = CE4C975427269F9300A48EBD /* Project object */;
}
